
Microsoft Visual Studio Solution File, Format Version 12.00
# Visual Studio Version 16
VisualStudioVersion = 16.0.29519.87
MinimumVisualStudioVersion = 10.0.40219.1
Project("{FAE04EC0-301F-11D3-BF4B-00C04F79EFBC}") = "test", "test.csproj", "{9F47D719-2E96-496A-914D-C92EF67CC102}"
EndProject
Global
	GlobalSection(SolutionConfigurationPlatforms) = preSolution
		Debug|Any CPU = Debug|Any CPU
		Release|Any CPU = Release|Any CPU
	EndGlobalSection
	GlobalSection(ProjectConfigurationPlatforms) = postSolution
		{9F47D719-2E96-496A-914D-C92EF67CC102}.Debug|Any CPU.ActiveCfg = Debug|Any CPU
		{9F47D719-2E96-496A-914D-C92EF67CC102}.Debug|Any CPU.Build.0 = Debug|Any CPU
		{9F47D719-2E96-496A-914D-C92EF67CC102}.Release|Any CPU.ActiveCfg = Release|Any CPU
		{9F47D719-2E96-496A-914D-C92EF67CC102}.Release|Any CPU.Build.0 = Release|Any CPU
	EndGlobalSection
	GlobalSection(SolutionProperties) = preSolution
		HideSolutionNode = FALSE
	EndGlobalSection
	GlobalSection(ExtensibilityGlobals) = postSolution
		SolutionGuid = {891A4F04-D38F-4197-A5BB-7E74DE97E4A3}
	EndGlobalSection
EndGlobal
